
Microsoft Visual Studio Solution File, Format Version 11.00
# Visual Studio 2010
Project("{2150E333-8FDC-42A3-9474-1A3956D46DE8}") = "Wrappers", "Wrappers", "{947300C1-CFE0-4F80-BC92-C3B6992E9DF4}"
EndProject
Project("{2150E333-8FDC-42A3-9474-1A3956D46DE8}") = "ColourImageProcessing", "ColourImageProcessing", "{249ECFB4-F75D-4988-924E-BD7E56D0542B}"
EndProject
Project("{2150E333-8FDC-42A3-9474-1A3956D46DE8}") = "Demos", "Demos", "{8E81369C-46DD-4038-B417-90CD99FFC7FF}"
EndProject
Project("{2150E333-8FDC-42A3-9474-1A3956D46DE8}") = "Windows7", "Windows7", "{E4AED9E1-2643-493F-9679-012079FECF23}"
EndProject
Project("{2150E333-8FDC-42A3-9474-1A3956D46DE8}") = "Windows", "Windows", "{B101957C-8A06-4901-89EA-9A5C75770D76}"
EndProject
Project("{FAE04EC0-301F-11D3-BF4B-00C04F79EFBC}") = "Windows7.DesktopIntegration", "Windows7\DesktopIntegration\Windows7.DesktopIntegration\Windows7.DesktopIntegration.csproj", "{E3F064A7-ECEF-46B8-83BD-299E4E8BDF82}"
EndProject
Project("{FAE04EC0-301F-11D3-BF4B-00C04F79EFBC}") = "Windows7.DesktopIntegration.Registration", "Windows7\DesktopIntegration\Windows7.DesktopIntegration.Registration\Windows7.DesktopIntegration.Registration.csproj", "{03F9F5A8-F3F4-499A-8B15-57ADBA5148CC}"
EndProject
Project("{FAE04EC0-301F-11D3-BF4B-00C04F79EFBC}") = "Cip.Components", "Cip.Components\Cip.Components.csproj", "{97E10D79-9CA5-4342-99BB-4619003EBAEC}"
EndProject
Project("{FAE04EC0-301F-11D3-BF4B-00C04F79EFBC}") = "Cip.LabDemo", "Cip.LabDemo\Cip.LabDemo.csproj", "{70E51FEF-ADBD-4584-BBAE-3E3F9F6940D6}"
EndProject
Project("{FAE04EC0-301F-11D3-BF4B-00C04F79EFBC}") = "Cip.WpfDemo", "Cip.WpfDemo\Cip.WpfDemo.csproj", "{042AE93A-4DB0-4248-8C45-26083C10C19A}"
EndProject
Project("{FAE04EC0-301F-11D3-BF4B-00C04F79EFBC}") = "Cip.Lib", "Cip.Lib\Cip.Lib.csproj", "{5878313F-57C5-4A37-B494-196F5D38A8EE}"
EndProject
Project("{FAE04EC0-301F-11D3-BF4B-00C04F79EFBC}") = "Windows7.DesktopIntegration.MainDemo", "Demo\Taskbar\Windows7.DesktopIntegration.MainDemo\Windows7.DesktopIntegration.MainDemo.csproj", "{CBD408F6-7917-4C95-A906-E307B4B6F1E5}"
EndProject
Project("{FAE04EC0-301F-11D3-BF4B-00C04F79EFBC}") = "SuperBarDemo", "Demo\SuperBarDemo\SuperBarDemo.csproj", "{8F507C7F-B365-44F6-A1EC-5E8949815119}"
EndProject
Project("{FAE04EC0-301F-11D3-BF4B-00C04F79EFBC}") = "vistabridgelibrary", "Windows7\VistaBridge1.4_Modifies\vistabridgelibrary\vistabridgelibrary.csproj", "{CE304F35-FABF-4A24-AC48-5710670A82BE}"
EndProject
Project("{FAE04EC0-301F-11D3-BF4B-00C04F79EFBC}") = "SystemInformationDemo", "Demo\SystemInformationDemo\SystemInformationDemo.csproj", "{BC9F72F8-60D9-4C2E-9DF6-089D976ACC9E}"
EndProject
Project("{FAE04EC0-301F-11D3-BF4B-00C04F79EFBC}") = "Windows7.DesktopIntegration.DocumentReader", "Demo\Taskbar\Windows7.DesktopIntegration.DocumentReader\Windows7.DesktopIntegration.DocumentReader.csproj", "{0F0F1F81-8FBF-4CD5-98A7-54EA71E6A955}"
EndProject
Project("{FAE04EC0-301F-11D3-BF4B-00C04F79EFBC}") = "Windows7.DesktopIntegration.WebBrowser", "Demo\Taskbar\Windows7.DesktopIntegration.WebBrowser\Windows7.DesktopIntegration.WebBrowser.csproj", "{8D73AEC3-919F-4446-8A2F-53EA8B49790F}"
EndProject
Project("{FAE04EC0-301F-11D3-BF4B-00C04F79EFBC}") = "Windows7.DesktopIntegration.IMClient", "Demo\Taskbar\Windows7.DesktopIntegration.IMClient\Windows7.DesktopIntegration.IMClient.csproj", "{A63C0C5F-1F22-4D7B-B962-B44180B8C033}"
EndProject
Project("{FAE04EC0-301F-11D3-BF4B-00C04F79EFBC}") = "Windows7.DesktopIntegration.LibraryManagerDemo", "Demo\Libraries\Windows7.DesktopIntegration.LibraryManagerDemo\Windows7.DesktopIntegration.LibraryManagerDemo.csproj", "{41F2DE9E-1B63-46E1-8B9F-B5028BD9D2F6}"
EndProject
Project("{FAE04EC0-301F-11D3-BF4B-00C04F79EFBC}") = "Windows7.DesktopIntegration.SLUtil", "Demo\Libraries\Windows7.DesktopIntegration.SLUtil\Windows7.DesktopIntegration.SLUtil.csproj", "{9A856A00-9C7A-4E91-B6FF-8C2EAC7ABC24}"
EndProject
Project("{FAE04EC0-301F-11D3-BF4B-00C04F79EFBC}") = "Cip.Cmd", "Cip.Cmd\Cip.Cmd.csproj", "{162FC4F1-DBA2-49D1-8241-8E9FAF5ED9E0}"
EndProject
Project("{FAE04EC0-301F-11D3-BF4B-00C04F79EFBC}") = "UACElevationCheck", "UACElevationCheck\UACElevationCheck.csproj", "{3568A57E-7FE0-4448-BD99-35A199213AD3}"
EndProject
Global
	GlobalSection(SolutionConfigurationPlatforms) = preSolution
		Debug|Any CPU = Debug|Any CPU
		Debug|x64 = Debug|x64
		Release|Any CPU = Release|Any CPU
		Release|x64 = Release|x64
	EndGlobalSection
	GlobalSection(ProjectConfigurationPlatforms) = postSolution
		{E3F064A7-ECEF-46B8-83BD-299E4E8BDF82}.Debug|Any CPU.ActiveCfg = Debug|Any CPU
		{E3F064A7-ECEF-46B8-83BD-299E4E8BDF82}.Debug|Any CPU.Build.0 = Debug|Any CPU
		{E3F064A7-ECEF-46B8-83BD-299E4E8BDF82}.Debug|x64.ActiveCfg = Debug|Any CPU
		{E3F064A7-ECEF-46B8-83BD-299E4E8BDF82}.Release|Any CPU.ActiveCfg = Release|Any CPU
		{E3F064A7-ECEF-46B8-83BD-299E4E8BDF82}.Release|Any CPU.Build.0 = Release|Any CPU
		{E3F064A7-ECEF-46B8-83BD-299E4E8BDF82}.Release|x64.ActiveCfg = Release|Any CPU
		{03F9F5A8-F3F4-499A-8B15-57ADBA5148CC}.Debug|Any CPU.ActiveCfg = Debug|Any CPU
		{03F9F5A8-F3F4-499A-8B15-57ADBA5148CC}.Debug|Any CPU.Build.0 = Debug|Any CPU
		{03F9F5A8-F3F4-499A-8B15-57ADBA5148CC}.Debug|x64.ActiveCfg = Debug|Any CPU
		{03F9F5A8-F3F4-499A-8B15-57ADBA5148CC}.Release|Any CPU.ActiveCfg = Release|Any CPU
		{03F9F5A8-F3F4-499A-8B15-57ADBA5148CC}.Release|Any CPU.Build.0 = Release|Any CPU
		{03F9F5A8-F3F4-499A-8B15-57ADBA5148CC}.Release|x64.ActiveCfg = Release|Any CPU
		{97E10D79-9CA5-4342-99BB-4619003EBAEC}.Debug|Any CPU.ActiveCfg = Debug|Any CPU
		{97E10D79-9CA5-4342-99BB-4619003EBAEC}.Debug|Any CPU.Build.0 = Debug|Any CPU
		{97E10D79-9CA5-4342-99BB-4619003EBAEC}.Debug|x64.ActiveCfg = Debug|Any CPU
		{97E10D79-9CA5-4342-99BB-4619003EBAEC}.Release|Any CPU.ActiveCfg = Release|Any CPU
		{97E10D79-9CA5-4342-99BB-4619003EBAEC}.Release|Any CPU.Build.0 = Release|Any CPU
		{97E10D79-9CA5-4342-99BB-4619003EBAEC}.Release|x64.ActiveCfg = Release|Any CPU
		{70E51FEF-ADBD-4584-BBAE-3E3F9F6940D6}.Debug|Any CPU.ActiveCfg = Debug|Any CPU
		{70E51FEF-ADBD-4584-BBAE-3E3F9F6940D6}.Debug|Any CPU.Build.0 = Debug|Any CPU
		{70E51FEF-ADBD-4584-BBAE-3E3F9F6940D6}.Debug|x64.ActiveCfg = Debug|Any CPU
		{70E51FEF-ADBD-4584-BBAE-3E3F9F6940D6}.Release|Any CPU.ActiveCfg = Release|Any CPU
		{70E51FEF-ADBD-4584-BBAE-3E3F9F6940D6}.Release|Any CPU.Build.0 = Release|Any CPU
		{70E51FEF-ADBD-4584-BBAE-3E3F9F6940D6}.Release|x64.ActiveCfg = Release|Any CPU
		{042AE93A-4DB0-4248-8C45-26083C10C19A}.Debug|Any CPU.ActiveCfg = Debug|Any CPU
		{042AE93A-4DB0-4248-8C45-26083C10C19A}.Debug|Any CPU.Build.0 = Debug|Any CPU
		{042AE93A-4DB0-4248-8C45-26083C10C19A}.Debug|x64.ActiveCfg = Debug|Any CPU
		{042AE93A-4DB0-4248-8C45-26083C10C19A}.Release|Any CPU.ActiveCfg = Release|Any CPU
		{042AE93A-4DB0-4248-8C45-26083C10C19A}.Release|Any CPU.Build.0 = Release|Any CPU
		{042AE93A-4DB0-4248-8C45-26083C10C19A}.Release|x64.ActiveCfg = Release|Any CPU
		{5878313F-57C5-4A37-B494-196F5D38A8EE}.Debug|Any CPU.ActiveCfg = Debug|Any CPU
		{5878313F-57C5-4A37-B494-196F5D38A8EE}.Debug|Any CPU.Build.0 = Debug|Any CPU
		{5878313F-57C5-4A37-B494-196F5D38A8EE}.Debug|x64.ActiveCfg = Debug|Any CPU
		{5878313F-57C5-4A37-B494-196F5D38A8EE}.Release|Any CPU.ActiveCfg = Release|Any CPU
		{5878313F-57C5-4A37-B494-196F5D38A8EE}.Release|Any CPU.Build.0 = Release|Any CPU
		{5878313F-57C5-4A37-B494-196F5D38A8EE}.Release|x64.ActiveCfg = Release|Any CPU
		{CBD408F6-7917-4C95-A906-E307B4B6F1E5}.Debug|Any CPU.ActiveCfg = Debug|Any CPU
		{CBD408F6-7917-4C95-A906-E307B4B6F1E5}.Debug|Any CPU.Build.0 = Debug|Any CPU
		{CBD408F6-7917-4C95-A906-E307B4B6F1E5}.Debug|x64.ActiveCfg = Debug|Any CPU
		{CBD408F6-7917-4C95-A906-E307B4B6F1E5}.Release|Any CPU.ActiveCfg = Release|Any CPU
		{CBD408F6-7917-4C95-A906-E307B4B6F1E5}.Release|Any CPU.Build.0 = Release|Any CPU
		{CBD408F6-7917-4C95-A906-E307B4B6F1E5}.Release|x64.ActiveCfg = Release|Any CPU
		{8F507C7F-B365-44F6-A1EC-5E8949815119}.Debug|Any CPU.ActiveCfg = Debug|Any CPU
		{8F507C7F-B365-44F6-A1EC-5E8949815119}.Debug|Any CPU.Build.0 = Debug|Any CPU
		{8F507C7F-B365-44F6-A1EC-5E8949815119}.Debug|x64.ActiveCfg = Debug|Any CPU
		{8F507C7F-B365-44F6-A1EC-5E8949815119}.Release|Any CPU.ActiveCfg = Release|Any CPU
		{8F507C7F-B365-44F6-A1EC-5E8949815119}.Release|Any CPU.Build.0 = Release|Any CPU
		{8F507C7F-B365-44F6-A1EC-5E8949815119}.Release|x64.ActiveCfg = Release|Any CPU
		{CE304F35-FABF-4A24-AC48-5710670A82BE}.Debug|Any CPU.ActiveCfg = Debug|Any CPU
		{CE304F35-FABF-4A24-AC48-5710670A82BE}.Debug|Any CPU.Build.0 = Debug|Any CPU
		{CE304F35-FABF-4A24-AC48-5710670A82BE}.Debug|x64.ActiveCfg = Debug|x64
		{CE304F35-FABF-4A24-AC48-5710670A82BE}.Debug|x64.Build.0 = Debug|x64
		{CE304F35-FABF-4A24-AC48-5710670A82BE}.Release|Any CPU.ActiveCfg = Release|Any CPU
		{CE304F35-FABF-4A24-AC48-5710670A82BE}.Release|Any CPU.Build.0 = Release|Any CPU
		{CE304F35-FABF-4A24-AC48-5710670A82BE}.Release|x64.ActiveCfg = Release|x64
		{CE304F35-FABF-4A24-AC48-5710670A82BE}.Release|x64.Build.0 = Release|x64
		{BC9F72F8-60D9-4C2E-9DF6-089D976ACC9E}.Debug|Any CPU.ActiveCfg = Debug|Any CPU
		{BC9F72F8-60D9-4C2E-9DF6-089D976ACC9E}.Debug|Any CPU.Build.0 = Debug|Any CPU
		{BC9F72F8-60D9-4C2E-9DF6-089D976ACC9E}.Debug|x64.ActiveCfg = Debug|Any CPU
		{BC9F72F8-60D9-4C2E-9DF6-089D976ACC9E}.Release|Any CPU.ActiveCfg = Release|Any CPU
		{BC9F72F8-60D9-4C2E-9DF6-089D976ACC9E}.Release|Any CPU.Build.0 = Release|Any CPU
		{BC9F72F8-60D9-4C2E-9DF6-089D976ACC9E}.Release|x64.ActiveCfg = Release|Any CPU
		{0F0F1F81-8FBF-4CD5-98A7-54EA71E6A955}.Debug|Any CPU.ActiveCfg = Debug|Any CPU
		{0F0F1F81-8FBF-4CD5-98A7-54EA71E6A955}.Debug|Any CPU.Build.0 = Debug|Any CPU
		{0F0F1F81-8FBF-4CD5-98A7-54EA71E6A955}.Debug|x64.ActiveCfg = Debug|Any CPU
		{0F0F1F81-8FBF-4CD5-98A7-54EA71E6A955}.Release|Any CPU.ActiveCfg = Release|Any CPU
		{0F0F1F81-8FBF-4CD5-98A7-54EA71E6A955}.Release|Any CPU.Build.0 = Release|Any CPU
		{0F0F1F81-8FBF-4CD5-98A7-54EA71E6A955}.Release|x64.ActiveCfg = Release|Any CPU
		{8D73AEC3-919F-4446-8A2F-53EA8B49790F}.Debug|Any CPU.ActiveCfg = Debug|Any CPU
		{8D73AEC3-919F-4446-8A2F-53EA8B49790F}.Debug|Any CPU.Build.0 = Debug|Any CPU
		{8D73AEC3-919F-4446-8A2F-53EA8B49790F}.Debug|x64.ActiveCfg = Debug|Any CPU
		{8D73AEC3-919F-4446-8A2F-53EA8B49790F}.Release|Any CPU.ActiveCfg = Release|Any CPU
		{8D73AEC3-919F-4446-8A2F-53EA8B49790F}.Release|Any CPU.Build.0 = Release|Any CPU
		{8D73AEC3-919F-4446-8A2F-53EA8B49790F}.Release|x64.ActiveCfg = Release|Any CPU
		{A63C0C5F-1F22-4D7B-B962-B44180B8C033}.Debug|Any CPU.ActiveCfg = Debug|Any CPU
		{A63C0C5F-1F22-4D7B-B962-B44180B8C033}.Debug|Any CPU.Build.0 = Debug|Any CPU
		{A63C0C5F-1F22-4D7B-B962-B44180B8C033}.Debug|x64.ActiveCfg = Debug|Any CPU
		{A63C0C5F-1F22-4D7B-B962-B44180B8C033}.Release|Any CPU.ActiveCfg = Release|Any CPU
		{A63C0C5F-1F22-4D7B-B962-B44180B8C033}.Release|Any CPU.Build.0 = Release|Any CPU
		{A63C0C5F-1F22-4D7B-B962-B44180B8C033}.Release|x64.ActiveCfg = Release|Any CPU
		{41F2DE9E-1B63-46E1-8B9F-B5028BD9D2F6}.Debug|Any CPU.ActiveCfg = Debug|Any CPU
		{41F2DE9E-1B63-46E1-8B9F-B5028BD9D2F6}.Debug|Any CPU.Build.0 = Debug|Any CPU
		{41F2DE9E-1B63-46E1-8B9F-B5028BD9D2F6}.Debug|x64.ActiveCfg = Debug|Any CPU
		{41F2DE9E-1B63-46E1-8B9F-B5028BD9D2F6}.Release|Any CPU.ActiveCfg = Release|Any CPU
		{41F2DE9E-1B63-46E1-8B9F-B5028BD9D2F6}.Release|Any CPU.Build.0 = Release|Any CPU
		{41F2DE9E-1B63-46E1-8B9F-B5028BD9D2F6}.Release|x64.ActiveCfg = Release|Any CPU
		{9A856A00-9C7A-4E91-B6FF-8C2EAC7ABC24}.Debug|Any CPU.ActiveCfg = Debug|Any CPU
		{9A856A00-9C7A-4E91-B6FF-8C2EAC7ABC24}.Debug|Any CPU.Build.0 = Debug|Any CPU
		{9A856A00-9C7A-4E91-B6FF-8C2EAC7ABC24}.Debug|x64.ActiveCfg = Debug|Any CPU
		{9A856A00-9C7A-4E91-B6FF-8C2EAC7ABC24}.Release|Any CPU.ActiveCfg = Release|Any CPU
		{9A856A00-9C7A-4E91-B6FF-8C2EAC7ABC24}.Release|Any CPU.Build.0 = Release|Any CPU
		{9A856A00-9C7A-4E91-B6FF-8C2EAC7ABC24}.Release|x64.ActiveCfg = Release|Any CPU
		{162FC4F1-DBA2-49D1-8241-8E9FAF5ED9E0}.Debug|Any CPU.ActiveCfg = Debug|Any CPU
		{162FC4F1-DBA2-49D1-8241-8E9FAF5ED9E0}.Debug|Any CPU.Build.0 = Debug|Any CPU
		{162FC4F1-DBA2-49D1-8241-8E9FAF5ED9E0}.Debug|x64.ActiveCfg = Debug|Any CPU
		{162FC4F1-DBA2-49D1-8241-8E9FAF5ED9E0}.Release|Any CPU.ActiveCfg = Release|Any CPU
		{162FC4F1-DBA2-49D1-8241-8E9FAF5ED9E0}.Release|Any CPU.Build.0 = Release|Any CPU
		{162FC4F1-DBA2-49D1-8241-8E9FAF5ED9E0}.Release|x64.ActiveCfg = Release|Any CPU
		{3568A57E-7FE0-4448-BD99-35A199213AD3}.Debug|Any CPU.ActiveCfg = Debug|Any CPU
		{3568A57E-7FE0-4448-BD99-35A199213AD3}.Debug|Any CPU.Build.0 = Debug|Any CPU
		{3568A57E-7FE0-4448-BD99-35A199213AD3}.Debug|x64.ActiveCfg = Debug|Any CPU
		{3568A57E-7FE0-4448-BD99-35A199213AD3}.Release|Any CPU.ActiveCfg = Release|Any CPU
		{3568A57E-7FE0-4448-BD99-35A199213AD3}.Release|Any CPU.Build.0 = Release|Any CPU
		{3568A57E-7FE0-4448-BD99-35A199213AD3}.Release|x64.ActiveCfg = Release|Any CPU
	EndGlobalSection
	GlobalSection(SolutionProperties) = preSolution
		HideSolutionNode = FALSE
	EndGlobalSection
	GlobalSection(NestedProjects) = preSolution
		{E3F064A7-ECEF-46B8-83BD-299E4E8BDF82} = {947300C1-CFE0-4F80-BC92-C3B6992E9DF4}
		{03F9F5A8-F3F4-499A-8B15-57ADBA5148CC} = {947300C1-CFE0-4F80-BC92-C3B6992E9DF4}
		{97E10D79-9CA5-4342-99BB-4619003EBAEC} = {249ECFB4-F75D-4988-924E-BD7E56D0542B}
		{70E51FEF-ADBD-4584-BBAE-3E3F9F6940D6} = {249ECFB4-F75D-4988-924E-BD7E56D0542B}
		{042AE93A-4DB0-4248-8C45-26083C10C19A} = {249ECFB4-F75D-4988-924E-BD7E56D0542B}
		{5878313F-57C5-4A37-B494-196F5D38A8EE} = {249ECFB4-F75D-4988-924E-BD7E56D0542B}
		{162FC4F1-DBA2-49D1-8241-8E9FAF5ED9E0} = {249ECFB4-F75D-4988-924E-BD7E56D0542B}
		{CBD408F6-7917-4C95-A906-E307B4B6F1E5} = {8E81369C-46DD-4038-B417-90CD99FFC7FF}
		{8F507C7F-B365-44F6-A1EC-5E8949815119} = {8E81369C-46DD-4038-B417-90CD99FFC7FF}
		{BC9F72F8-60D9-4C2E-9DF6-089D976ACC9E} = {8E81369C-46DD-4038-B417-90CD99FFC7FF}
		{0F0F1F81-8FBF-4CD5-98A7-54EA71E6A955} = {8E81369C-46DD-4038-B417-90CD99FFC7FF}
		{8D73AEC3-919F-4446-8A2F-53EA8B49790F} = {8E81369C-46DD-4038-B417-90CD99FFC7FF}
		{A63C0C5F-1F22-4D7B-B962-B44180B8C033} = {8E81369C-46DD-4038-B417-90CD99FFC7FF}
		{41F2DE9E-1B63-46E1-8B9F-B5028BD9D2F6} = {8E81369C-46DD-4038-B417-90CD99FFC7FF}
		{9A856A00-9C7A-4E91-B6FF-8C2EAC7ABC24} = {8E81369C-46DD-4038-B417-90CD99FFC7FF}
		{CE304F35-FABF-4A24-AC48-5710670A82BE} = {E4AED9E1-2643-493F-9679-012079FECF23}
		{3568A57E-7FE0-4448-BD99-35A199213AD3} = {B101957C-8A06-4901-89EA-9A5C75770D76}
	EndGlobalSection
EndGlobal
